// !$*UTF8*$!
{
	archiveVersion = 1;
	classes = {
	};
	objectVersion = 50;
	objects = {

/* Begin PBXBuildFile section */
		23E2869723E40AC900393579 /* AppDelegate.m in Sources */ = {isa = PBXBuildFile; fileRef = 23E2869623E40AC900393579 /* AppDelegate.m */; };
		23E2869A23E40AC900393579 /* SceneDelegate.m in Sources */ = {isa = PBXBuildFile; fileRef = 23E2869923E40AC900393579 /* SceneDelegate.m */; };
		23E2869D23E40AC900393579 /* ViewController.m in Sources */ = {isa = PBXBuildFile; fileRef = 23E2869C23E40AC900393579 /* ViewController.m */; };
		23E286A023E40AC900393579 /* Main.storyboard in Resources */ = {isa = PBXBuildFile; fileRef = 23E2869E23E40AC900393579 /* Main.storyboard */; };
		23E286A223E40ACA00393579 /* Assets.xcassets in Resources */ = {isa = PBXBuildFile; fileRef = 23E286A123E40ACA00393579 /* Assets.xcassets */; };
		23E286A523E40ACA00393579 /* LaunchScreen.storyboard in Resources */ = {isa = PBXBuildFile; fileRef = 23E286A323E40ACA00393579 /* LaunchScreen.storyboard */; };
		23E286A823E40ACA00393579 /* main.m in Sources */ = {isa = PBXBuildFile; fileRef = 23E286A723E40ACA00393579 /* main.m */; };
/* End PBXBuildFile section */

/* Begin PBXFileReference section */
		23E2869223E40AC900393579 /* DRPatch.app */ = {isa = PBXFileReference; explicitFileType = wrapper.application; includeInIndex = 0; path = DRPatch.app; sourceTree = BUILT_PRODUCTS_DIR; };
		23E2869523E40AC900393579 /* AppDelegate.h */ = {isa = PBXFileReference; lastKnownFileType = sourcecode.c.h; path = AppDelegate.h; sourceTree = "<group>"; };
		23E2869623E40AC900393579 /* AppDelegate.m */ = {isa = PBXFileReference; lastKnownFileType = sourcecode.c.objc; path = AppDelegate.m; sourceTree = "<group>"; };
		23E2869823E40AC900393579 /* SceneDelegate.h */ = {isa = PBXFileReference; lastKnownFileType = sourcecode.c.h; path = SceneDelegate.h; sourceTree = "<group>"; };
		23E2869923E40AC900393579 /* SceneDelegate.m */ = {isa = PBXFileReference; lastKnownFileType = sourcecode.c.objc; path = SceneDelegate.m; sourceTree = "<group>"; };
		23E2869B23E40AC900393579 /* ViewController.h */ = {isa = PBXFileReference; lastKnownFileType = sourcecode.c.h; path = ViewController.h; sourceTree = "<group>"; };
		23E2869C23E40AC900393579 /* ViewController.m */ = {isa = PBXFileReference; lastKnownFileType = sourcecode.c.objc; path = ViewController.m; sourceTree = "<group>"; };
		23E2869F23E40AC900393579 /* Base */ = {isa = PBXFileReference; lastKnownFileType = file.storyboard; name = Base; path = Base.lproj/Main.storyboard; sourceTree = "<group>"; };
		23E286A123E40ACA00393579 /* Assets.xcassets */ = {isa = PBXFileReference; lastKnownFileType = folder.assetcatalog; path = Assets.xcassets; sourceTree = "<group>"; };
		23E286A423E40ACA00393579 /* Base */ = {isa = PBXFileReference; lastKnownFileType = file.storyboard; name = Base; path = Base.lproj/LaunchScreen.storyboard; sourceTree = "<group>"; };
		23E286A623E40ACA00393579 /* Info.plist */ = {isa = PBXFileReference; lastKnownFileType = text.plist.xml; path = Info.plist; sourceTree = "<group>"; };
		23E286A723E40ACA00393579 /* main.m */ = {isa = PBXFileReference; lastKnownFileType = sourcecode.c.objc; path = main.m; sourceTree = "<group>"; };
/* End PBXFileReference section */

/* Begin PBXFrameworksBuildPhase section */
		23E2868F23E40AC900393579 /* Frameworks */ = {
			isa = PBXFrameworksBuildPhase;
			buildActionMask = 2147483647;
			files = (
			);
			runOnlyForDeploymentPostprocessing = 0;
		};
/* End PBXFrameworksBuildPhase section */

/* Begin PBXGroup section */
		23E2868923E40AC900393579 = {
			isa = PBXGroup;
			children = (
				23E2869423E40AC900393579 /* DRPatch */,
				23E2869323E40AC900393579 /* Products */,
			);
			sourceTree = "<group>";
		};
		23E2869323E40AC900393579 /* Products */ = {
			isa = PBXGroup;
			children = (
				23E2869223E40AC900393579 /* DRPatch.app */,
			);
			name = Products;
			sourceTree = "<group>";
		};
		23E2869423E40AC900393579 /* DRPatch */ = {
			isa = PBXGroup;
			children = (
				23E286B023E40BB800393579 /* MVC */,
				23E286AF23E40B8C00393579 /* MainLife */,
			);
			path = DRPatch;
			sourceTree = "<group>";
		};
		23E286AF23E40B8C00393579 /* MainLife */ = {
			isa = PBXGroup;
			children = (
				23E2869523E40AC900393579 /* AppDelegate.h */,
				23E2869623E40AC900393579 /* AppDelegate.m */,
				23E2869823E40AC900393579 /* SceneDelegate.h */,
				23E2869923E40AC900393579 /* SceneDelegate.m */,
				23E286A623E40ACA00393579 /* Info.plist */,
				23E286A723E40ACA00393579 /* main.m */,
				23E286A323E40ACA00393579 /* LaunchScreen.storyboard */,
				23E286A123E40ACA00393579 /* Assets.xcassets */,
			);
			name = MainLife;
			sourceTree = "<group>";
		};
		23E286B023E40BB800393579 /* MVC */ = {
			isa = PBXGroup;
			children = (
				23E2869B23E40AC900393579 /* ViewController.h */,
				23E2869C23E40AC900393579 /* ViewController.m */,
				23E2869E23E40AC900393579 /* Main.storyboard */,
			);
			name = MVC;
			sourceTree = "<group>";
		};
/* End PBXGroup section */

/* Begin PBXNativeTarget section */
		23E2869123E40AC900393579 /* DRPatch */ = {
			isa = PBXNativeTarget;
			buildConfigurationList = 23E286AB23E40ACA00393579 /* Build configuration list for PBXNativeTarget "DRPatch" */;
			buildPhases = (
				23E2868E23E40AC900393579 /* Sources */,
				23E2868F23E40AC900393579 /* Frameworks */,
				23E2869023E40AC900393579 /* Resources */,
			);
			buildRules = (
			);
			dependencies = (
			);
			name = DRPatch;
			productName = DRPatch;
			productReference = 23E2869223E40AC900393579 /* DRPatch.app */;
			productType = "com.apple.product-type.application";
		};
/* End PBXNativeTarget section */

/* Begin PBXProject section */
		23E2868A23E40AC900393579 /* Project object */ = {
			isa = PBXProject;
			attributes = {
				LastUpgradeCheck = 1130;
				ORGANIZATIONNAME = yyy;
				TargetAttributes = {
					23E2869123E40AC900393579 = {
						CreatedOnToolsVersion = 11.3;
					};
				};
			};
			buildConfigurationList = 23E2868D23E40AC900393579 /* Build configuration list for PBXProject "DRPatch" */;
			compatibilityVersion = "Xcode 9.3";
			developmentRegion = en;
			hasScannedForEncodings = 0;
			knownRegions = (
				en,
				Base,
			);
			mainGroup = 23E2868923E40AC900393579;
			productRefGroup = 23E2869323E40AC900393579 /* Products */;
			projectDirPath = "";
			projectRoot = "";
			targets = (
				23E2869123E40AC900393579 /* DRPatch */,
			);
		};
/* End PBXProject section */

/* Begin PBXResourcesBuildPhase section */
		23E2869023E40AC900393579 /* Resources */ = {
			isa = PBXResourcesBuildPhase;
			buildActionMask = 2147483647;
			files = (
				23E286A523E40ACA00393579 /* LaunchScreen.storyboard in Resources */,
				23E286A223E40ACA00393579 /* Assets.xcassets in Resources */,
				23E286A023E40AC900393579 /* Main.storyboard in Resources */,
			);
			runOnlyForDeploymentPostprocessing = 0;
		};
/* End PBXResourcesBuildPhase section */

/* Begin PBXSourcesBuildPhase section */
		23E2868E23E40AC900393579 /* Sources */ = {
			isa = PBXSourcesBuildPhase;
			buildActionMask = 2147483647;
			files = (
				23E2869D23E40AC900393579 /* ViewController.m in Sources */,
				23E2869723E40AC900393579 /* AppDelegate.m in Sources */,
				23E286A823E40ACA00393579 /* main.m in Sources */,
				23E2869A23E40AC900393579 /* SceneDelegate.m in Sources */,
			);
			runOnlyForDeploymentPostprocessing = 0;
		};
/* End PBXSourcesBuildPhase section */

/* Begin PBXVariantGroup section */
		23E2869E23E40AC900393579 /* Main.storyboard */ = {
			isa = PBXVariantGroup;
			children = (
				23E2869F23E40AC900393579 /* Base */,
			);
			name = Main.storyboard;
			sourceTree = "<group>";
		};
		23E286A323E40ACA00393579 /* LaunchScreen.storyboard */ = {
			isa = PBXVariantGroup;
			children = (
				23E286A423E40ACA00393579 /* Base */,
			);
			name = LaunchScreen.storyboard;
			sourceTree = "<group>";
		};
/* End PBXVariantGroup section */

/* Begin XCBuildConfiguration section */
		23E286A923E40ACA00393579 /* Debug */ = {
			isa = XCBuildConfiguration;
			buildSettings = {
				ALWAYS_SEARCH_USER_PATHS = NO;
				CLANG_ANALYZER_NONNULL = YES;
				CLANG_ANALYZER_NUMBER_OBJECT_CONVERSION = YES_AGGRESSIVE;
				CLANG_CXX_LANGUAGE_STANDARD = "gnu++14";
				CLANG_CXX_LIBRARY = "libc++";
				CLANG_ENABLE_MODULES = YES;
				CLANG_ENABLE_OBJC_ARC = YES;
				CLANG_ENABLE_OBJC_WEAK = YES;
				CLANG_WARN_BLOCK_CAPTURE_AUTORELEASING = YES;
				CLANG_WARN_BOOL_CONVERSION = YES;
				CLANG_WARN_COMMA = YES;
				CLANG_WARN_CONSTANT_CONVERSION = YES;
				CLANG_WARN_DEPRECATED_OBJC_IMPLEMENTATIONS = YES;
				CLANG_WARN_DIRECT_OBJC_ISA_USAGE = YES_ERROR;
				CLANG_WARN_DOCUMENTATION_COMMENTS = YES;
				CLANG_WARN_EMPTY_BODY = YES;
				CLANG_WARN_ENUM_CONVERSION = YES;
				CLANG_WARN_INFINITE_RECURSION = YES;
				CLANG_WARN_INT_CONVERSION = YES;
				CLANG_WARN_NON_LITERAL_NULL_CONVERSION = YES;
				CLANG_WARN_OBJC_IMPLICIT_RETAIN_SELF = YES;
				CLANG_WARN_OBJC_LITERAL_CONVERSION = YES;
				CLANG_WARN_OBJC_ROOT_CLASS = YES_ERROR;
				CLANG_WARN_RANGE_LOOP_ANALYSIS = YES;
				CLANG_WARN_STRICT_PROTOTYPES = YES;
				CLANG_WARN_SUSPICIOUS_MOVE = YES;
				CLANG_WARN_UNGUARDED_AVAILABILITY = YES_AGGRESSIVE;
				CLANG_WARN_UNREACHABLE_CODE = YES;
				CLANG_WARN__DUPLICATE_METHOD_MATCH = YES;
				COPY_PHASE_STRIP = NO;
				DEBUG_INFORMATION_FORMAT = dwarf;
				ENABLE_STRICT_OBJC_MSGSEND = YES;
				ENABLE_TESTABILITY = YES;
				GCC_C_LANGUAGE_STANDARD = gnu11;
				GCC_DYNAMIC_NO_PIC = NO;
				GCC_NO_COMMON_BLOCKS = YES;
				GCC_OPTIMIZATION_LEVEL = 0;
				GCC_PREPROCESSOR_DEFINITIONS = (
					"DEBUG=1",
					"$(inherited)",
				);
				GCC_WARN_64_TO_32_BIT_CONVERSION = YES;
				GCC_WARN_ABOUT_RETURN_TYPE = YES_ERROR;
				GCC_WARN_UNDECLARED_SELECTOR = YES;
				GCC_WARN_UNINITIALIZED_AUTOS = YES_AGGRESSIVE;
				GCC_WARN_UNUSED_FUNCTION = YES;
				GCC_WARN_UNUSED_VARIABLE = YES;
				IPHONEOS_DEPLOYMENT_TARGET = 13.2;
				MTL_ENABLE_DEBUG_INFO = INCLUDE_SOURCE;
				MTL_FAST_MATH = YES;
				ONLY_ACTIVE_ARCH = YES;
				SDKROOT = iphoneos;
			};
			name = Debug;
		};
		23E286AA23E40ACA00393579 /* Release */ = {
			isa = XCBuildConfiguration;
			buildSettings = {
				ALWAYS_SEARCH_USER_PATHS = NO;
				CLANG_ANALYZER_NONNULL = YES;
				CLANG_ANALYZER_NUMBER_OBJECT_CONVERSION = YES_AGGRESSIVE;
				CLANG_CXX_LANGUAGE_STANDARD = "gnu++14";
				CLANG_CXX_LIBRARY = "libc++";
				CLANG_ENABLE_MODULES = YES;
				CLANG_ENABLE_OBJC_ARC = YES;
				CLANG_ENABLE_OBJC_WEAK = YES;
				CLANG_WARN_BLOCK_CAPTURE_AUTORELEASING = YES;
				CLANG_WARN_BOOL_CONVERSION = YES;
				CLANG_WARN_COMMA = YES;
				CLANG_WARN_CONSTANT_CONVERSION = YES;
				CLANG_WARN_DEPRECATED_OBJC_IMPLEMENTATIONS = YES;
				CLANG_WARN_DIRECT_OBJC_ISA_USAGE = YES_ERROR;
				CLANG_WARN_DOCUMENTATION_COMMENTS = YES;
				CLANG_WARN_EMPTY_BODY = YES;
				CLANG_WARN_ENUM_CONVERSION = YES;
				CLANG_WARN_INFINITE_RECURSION = YES;
				CLANG_WARN_INT_CONVERSION = YES;
				CLANG_WARN_NON_LITERAL_NULL_CONVERSION = YES;
				CLANG_WARN_OBJC_IMPLICIT_RETAIN_SELF = YES;
				CLANG_WARN_OBJC_LITERAL_CONVERSION = YES;
				CLANG_WARN_OBJC_ROOT_CLASS = YES_ERROR;
				CLANG_WARN_RANGE_LOOP_ANALYSIS = YES;
				CLANG_WARN_STRICT_PROTOTYPES = YES;
				CLANG_WARN_SUSPICIOUS_MOVE = YES;
				CLANG_WARN_UNGUARDED_AVAILABILITY = YES_AGGRESSIVE;
				CLANG_WARN_UNREACHABLE_CODE = YES;
				CLANG_WARN__DUPLICATE_METHOD_MATCH = YES;
				COPY_PHASE_STRIP = NO;
				DEBUG_INFORMATION_FORMAT = "dwarf-with-dsym";
				ENABLE_NS_ASSERTIONS = NO;
				ENABLE_STRICT_OBJC_MSGSEND = YES;
				GCC_C_LANGUAGE_STANDARD = gnu11;
				GCC_NO_COMMON_BLOCKS = YES;
				GCC_WARN_64_TO_32_BIT_CONVERSION = YES;
				GCC_WARN_ABOUT_RETURN_TYPE = YES_ERROR;
				GCC_WARN_UNDECLARED_SELECTOR = YES;
				GCC_WARN_UNINITIALIZED_AUTOS = YES_AGGRESSIVE;
				GCC_WARN_UNUSED_FUNCTION = YES;
				GCC_WARN_UNUSED_VARIABLE = YES;
				IPHONEOS_DEPLOYMENT_TARGET = 13.2;
				MTL_ENABLE_DEBUG_INFO = NO;
				MTL_FAST_MATH = YES;
				SDKROOT = iphoneos;
				VALIDATE_PRODUCT = YES;
			};
			name = Release;
		};
		23E286AC23E40ACA00393579 /* Debug */ = {
			isa = XCBuildConfiguration;
			buildSettings = {
				ASSETCATALOG_COMPILER_APPICON_NAME = AppIcon;
				CODE_SIGN_STYLE = Automatic;
				INFOPLIST_FILE = DRPatch/Info.plist;
				LD_RUNPATH_SEARCH_PATHS = (
					"$(inherited)",
					"@executable_path/Frameworks",
				);
				PRODUCT_BUNDLE_IDENTIFIER = yyy.DRPatch;
				PRODUCT_NAME = "$(TARGET_NAME)";
				TARGETED_DEVICE_FAMILY = "1,2";
			};
			name = Debug;
		};
		23E286AD23E40ACA00393579 /* Release */ = {
			isa = XCBuildConfiguration;
			buildSettings = {
				ASSETCATALOG_COMPILER_APPICON_NAME = AppIcon;
				CODE_SIGN_STYLE = Automatic;
				INFOPLIST_FILE = DRPatch/Info.plist;
				LD_RUNPATH_SEARCH_PATHS = (
					"$(inherited)",
					"@executable_path/Frameworks",
				);
				PRODUCT_BUNDLE_IDENTIFIER = yyy.DRPatch;
				PRODUCT_NAME = "$(TARGET_NAME)";
				TARGETED_DEVICE_FAMILY = "1,2";
			};
			name = Release;
		};
/* End XCBuildConfiguration section */

/* Begin XCConfigurationList section */
		23E2868D23E40AC900393579 /* Build configuration list for PBXProject "DRPatch" */ = {
			isa = XCConfigurationList;
			buildConfigurations = (
				23E286A923E40ACA00393579 /* Debug */,
				23E286AA23E40ACA00393579 /* Release */,
			);
			defaultConfigurationIsVisible = 0;
			defaultConfigurationName = Release;
		};
		23E286AB23E40ACA00393579 /* Build configuration list for PBXNativeTarget "DRPatch" */ = {
			isa = XCConfigurationList;
			buildConfigurations = (
				23E286AC23E40ACA00393579 /* Debug */,
				23E286AD23E40ACA00393579 /* Release */,
			);
			defaultConfigurationIsVisible = 0;
			defaultConfigurationName = Release;
		};
/* End XCConfigurationList section */
	};
	rootObject = 23E2868A23E40AC900393579 /* Project object */;
}
